
Microsoft Visual Studio Solution File, Format Version 12.00
# Visual Studio Version 17
VisualStudioVersion = 17.0.31903.59
MinimumVisualStudioVersion = 10.0.40219.1
Project("{2150E333-8FDC-42A3-9474-1A3956D46DE8}") = "src", "src", "{827E0CD3-B72D-47B6-A68D-7590B98EB39B}"
EndProject
Project("{2150E333-8FDC-42A3-9474-1A3956D46DE8}") = "Framework", "Framework", "{E0AD1809-C64F-3D39-45E0-E424261CE16D}"
EndProject
Project("{FAE04EC0-301F-11D3-BF4B-00C04F79EFBC}") = "Core", "src\api\framework\Core\Core.csproj", "{B4403F13-2D4F-43A6-B32E-1A5B9BB2FEC8}"
EndProject
Project("{FAE04EC0-301F-11D3-BF4B-00C04F79EFBC}") = "Infrastructure", "src\api\framework\Infrastructure\Infrastructure.csproj", "{BEFFA5C6-3066-44C7-AE1F-0B8266F2EA25}"
EndProject
Project("{2150E333-8FDC-42A3-9474-1A3956D46DE8}") = "Modules", "Modules", "{EC447DCF-ABFA-6E24-52A5-D7FD48A5C558}"
EndProject
Project("{2150E333-8FDC-42A3-9474-1A3956D46DE8}") = "Catalog", "Catalog", "{1E1EF545-4C18-AEE2-B997-7EF431518D3F}"
EndProject
Project("{FAE04EC0-301F-11D3-BF4B-00C04F79EFBC}") = "Catalog.Application", "src\api\modules\Catalog\Catalog.Application\Catalog.Application.csproj", "{5B9DB78A-5D7F-4EA3-9AFA-B6EA60E98243}"
EndProject
Project("{FAE04EC0-301F-11D3-BF4B-00C04F79EFBC}") = "Catalog.Domain", "src\api\modules\Catalog\Catalog.Domain\Catalog.Domain.csproj", "{6D20AD3F-81BB-4094-ADAA-C36D72189FF8}"
EndProject
Project("{FAE04EC0-301F-11D3-BF4B-00C04F79EFBC}") = "Catalog.Infrastructure", "src\api\modules\Catalog\Catalog.Infrastructure\Catalog.Infrastructure.csproj", "{BCCFCF4E-8BAB-45D0-AC97-30E12117531A}"
EndProject
Project("{FAE04EC0-301F-11D3-BF4B-00C04F79EFBC}") = "Todo", "src\api\modules\Todo\Todo.csproj", "{3329EE3E-5A63-4A8F-A432-1D91CE1EAD41}"
EndProject
Project("{2150E333-8FDC-42A3-9474-1A3956D46DE8}") = "Server", "Server", "{E6B48023-E680-40DA-9E17-319585C26937}"
EndProject
Project("{FAE04EC0-301F-11D3-BF4B-00C04F79EFBC}") = "Server", "src\api\server\Server.csproj", "{4864458A-09B2-4F23-AE00-F18C0D0CD18A}"
EndProject
Project("{2150E333-8FDC-42A3-9474-1A3956D46DE8}") = "Apps", "Apps", "{AD2A5A3B-A595-3E96-334A-002D08FE630C}"
EndProject
Project("{2150E333-8FDC-42A3-9474-1A3956D46DE8}") = "Blazor", "Blazor", "{DE49DA5C-1778-DB91-C50F-C22E2572F073}"
EndProject
Project("{FAE04EC0-301F-11D3-BF4B-00C04F79EFBC}") = "Client", "src\apps\blazor\client\Client.csproj", "{7745DDA7-CDC6-42E7-8DAE-A7C1F6A95599}"
EndProject
Project("{FAE04EC0-301F-11D3-BF4B-00C04F79EFBC}") = "Infrastructure", "src\apps\blazor\infrastructure\Infrastructure.csproj", "{E9FF4514-4943-4F72-9DA5-E7B92A51E072}"
EndProject
Project("{FAE04EC0-301F-11D3-BF4B-00C04F79EFBC}") = "Shared", "src\apps\blazor\shared\Shared.csproj", "{403B7A1E-56B9-4D95-893A-6D6CD3E20D66}"
EndProject
Project("{2150E333-8FDC-42A3-9474-1A3956D46DE8}") = "Aspire", "Aspire", "{52BF7FB6-37FF-5100-EFD1-124EFF302675}"
EndProject
Project("{FAE04EC0-301F-11D3-BF4B-00C04F79EFBC}") = "Host", "src\aspire\Host\Host.csproj", "{B323E5EF-7E16-4B77-8A3D-75EDAE6721FE}"
EndProject
Project("{FAE04EC0-301F-11D3-BF4B-00C04F79EFBC}") = "ServiceDefaults", "src\aspire\service-defaults\ServiceDefaults.csproj", "{6B1ED390-6011-4742-A086-464C62958328}"
EndProject
Project("{2150E333-8FDC-42A3-9474-1A3956D46DE8}") = "Migrations", "Migrations", "{ABAE16DB-782E-B7C1-EE65-4BB7A31267FE}"
EndProject
Project("{FAE04EC0-301F-11D3-BF4B-00C04F79EFBC}") = "MSSQL", "src\api\migrations\MSSQL\MSSQL.csproj", "{612958A9-EC90-4DF3-962D-40E85747C2F3}"
EndProject
Project("{2150E333-8FDC-42A3-9474-1A3956D46DE8}") = "tests", "tests", "{0AB3BF05-4346-4AA6-1389-037BE0695223}"
EndProject
Project("{2150E333-8FDC-42A3-9474-1A3956D46DE8}") = "unit", "unit", "{9D556B49-86D1-93A7-9596-FFAAB74EC556}"
EndProject
Project("{FAE04EC0-301F-11D3-BF4B-00C04F79EFBC}") = "FSH.Framework.Core.Tests", "tests\unit\FSH.Framework.Core.Tests\FSH.Framework.Core.Tests.csproj", "{439A92DB-FF01-4617-85DE-FCA9C1C779BF}"
EndProject
Project("{2150E333-8FDC-42A3-9474-1A3956D46DE8}") = "Shared", "Shared", "{C8E42992-5E42-0C2B-DBFE-AA848D06431C}"
EndProject
Project("{FAE04EC0-301F-11D3-BF4B-00C04F79EFBC}") = "Shared", "src\Shared\Shared.csproj", "{BC5217FE-0783-4BAC-8ECA-7A215294A3FD}"
EndProject
Global
	GlobalSection(SolutionConfigurationPlatforms) = preSolution
		Debug|Any CPU = Debug|Any CPU
		Debug|x64 = Debug|x64
		Debug|x86 = Debug|x86
		Release|Any CPU = Release|Any CPU
		Release|x64 = Release|x64
		Release|x86 = Release|x86
	EndGlobalSection
	GlobalSection(ProjectConfigurationPlatforms) = postSolution
		{B4403F13-2D4F-43A6-B32E-1A5B9BB2FEC8}.Debug|Any CPU.ActiveCfg = Debug|Any CPU
		{B4403F13-2D4F-43A6-B32E-1A5B9BB2FEC8}.Debug|Any CPU.Build.0 = Debug|Any CPU
		{B4403F13-2D4F-43A6-B32E-1A5B9BB2FEC8}.Debug|x64.ActiveCfg = Debug|Any CPU
		{B4403F13-2D4F-43A6-B32E-1A5B9BB2FEC8}.Debug|x64.Build.0 = Debug|Any CPU
		{B4403F13-2D4F-43A6-B32E-1A5B9BB2FEC8}.Debug|x86.ActiveCfg = Debug|Any CPU
		{B4403F13-2D4F-43A6-B32E-1A5B9BB2FEC8}.Debug|x86.Build.0 = Debug|Any CPU
		{B4403F13-2D4F-43A6-B32E-1A5B9BB2FEC8}.Release|Any CPU.ActiveCfg = Release|Any CPU
		{B4403F13-2D4F-43A6-B32E-1A5B9BB2FEC8}.Release|Any CPU.Build.0 = Release|Any CPU
		{B4403F13-2D4F-43A6-B32E-1A5B9BB2FEC8}.Release|x64.ActiveCfg = Release|Any CPU
		{B4403F13-2D4F-43A6-B32E-1A5B9BB2FEC8}.Release|x64.Build.0 = Release|Any CPU
		{B4403F13-2D4F-43A6-B32E-1A5B9BB2FEC8}.Release|x86.ActiveCfg = Release|Any CPU
		{B4403F13-2D4F-43A6-B32E-1A5B9BB2FEC8}.Release|x86.Build.0 = Release|Any CPU
		{BEFFA5C6-3066-44C7-AE1F-0B8266F2EA25}.Debug|Any CPU.ActiveCfg = Debug|Any CPU
		{BEFFA5C6-3066-44C7-AE1F-0B8266F2EA25}.Debug|Any CPU.Build.0 = Debug|Any CPU
		{BEFFA5C6-3066-44C7-AE1F-0B8266F2EA25}.Debug|x64.ActiveCfg = Debug|Any CPU
		{BEFFA5C6-3066-44C7-AE1F-0B8266F2EA25}.Debug|x64.Build.0 = Debug|Any CPU
		{BEFFA5C6-3066-44C7-AE1F-0B8266F2EA25}.Debug|x86.ActiveCfg = Debug|Any CPU
		{BEFFA5C6-3066-44C7-AE1F-0B8266F2EA25}.Debug|x86.Build.0 = Debug|Any CPU
		{BEFFA5C6-3066-44C7-AE1F-0B8266F2EA25}.Release|Any CPU.ActiveCfg = Release|Any CPU
		{BEFFA5C6-3066-44C7-AE1F-0B8266F2EA25}.Release|Any CPU.Build.0 = Release|Any CPU
		{BEFFA5C6-3066-44C7-AE1F-0B8266F2EA25}.Release|x64.ActiveCfg = Release|Any CPU
		{BEFFA5C6-3066-44C7-AE1F-0B8266F2EA25}.Release|x64.Build.0 = Release|Any CPU
		{BEFFA5C6-3066-44C7-AE1F-0B8266F2EA25}.Release|x86.ActiveCfg = Release|Any CPU
		{BEFFA5C6-3066-44C7-AE1F-0B8266F2EA25}.Release|x86.Build.0 = Release|Any CPU
		{5B9DB78A-5D7F-4EA3-9AFA-B6EA60E98243}.Debug|Any CPU.ActiveCfg = Debug|Any CPU
		{5B9DB78A-5D7F-4EA3-9AFA-B6EA60E98243}.Debug|Any CPU.Build.0 = Debug|Any CPU
		{5B9DB78A-5D7F-4EA3-9AFA-B6EA60E98243}.Debug|x64.ActiveCfg = Debug|Any CPU
		{5B9DB78A-5D7F-4EA3-9AFA-B6EA60E98243}.Debug|x64.Build.0 = Debug|Any CPU
		{5B9DB78A-5D7F-4EA3-9AFA-B6EA60E98243}.Debug|x86.ActiveCfg = Debug|Any CPU
		{5B9DB78A-5D7F-4EA3-9AFA-B6EA60E98243}.Debug|x86.Build.0 = Debug|Any CPU
		{5B9DB78A-5D7F-4EA3-9AFA-B6EA60E98243}.Release|Any CPU.ActiveCfg = Release|Any CPU
		{5B9DB78A-5D7F-4EA3-9AFA-B6EA60E98243}.Release|Any CPU.Build.0 = Release|Any CPU
		{5B9DB78A-5D7F-4EA3-9AFA-B6EA60E98243}.Release|x64.ActiveCfg = Release|Any CPU
		{5B9DB78A-5D7F-4EA3-9AFA-B6EA60E98243}.Release|x64.Build.0 = Release|Any CPU
		{5B9DB78A-5D7F-4EA3-9AFA-B6EA60E98243}.Release|x86.ActiveCfg = Release|Any CPU
		{5B9DB78A-5D7F-4EA3-9AFA-B6EA60E98243}.Release|x86.Build.0 = Release|Any CPU
		{6D20AD3F-81BB-4094-ADAA-C36D72189FF8}.Debug|Any CPU.ActiveCfg = Debug|Any CPU
		{6D20AD3F-81BB-4094-ADAA-C36D72189FF8}.Debug|Any CPU.Build.0 = Debug|Any CPU
		{6D20AD3F-81BB-4094-ADAA-C36D72189FF8}.Debug|x64.ActiveCfg = Debug|Any CPU
		{6D20AD3F-81BB-4094-ADAA-C36D72189FF8}.Debug|x64.Build.0 = Debug|Any CPU
		{6D20AD3F-81BB-4094-ADAA-C36D72189FF8}.Debug|x86.ActiveCfg = Debug|Any CPU
		{6D20AD3F-81BB-4094-ADAA-C36D72189FF8}.Debug|x86.Build.0 = Debug|Any CPU
		{6D20AD3F-81BB-4094-ADAA-C36D72189FF8}.Release|Any CPU.ActiveCfg = Release|Any CPU
		{6D20AD3F-81BB-4094-ADAA-C36D72189FF8}.Release|Any CPU.Build.0 = Release|Any CPU
		{6D20AD3F-81BB-4094-ADAA-C36D72189FF8}.Release|x64.ActiveCfg = Release|Any CPU
		{6D20AD3F-81BB-4094-ADAA-C36D72189FF8}.Release|x64.Build.0 = Release|Any CPU
		{6D20AD3F-81BB-4094-ADAA-C36D72189FF8}.Release|x86.ActiveCfg = Release|Any CPU
		{6D20AD3F-81BB-4094-ADAA-C36D72189FF8}.Release|x86.Build.0 = Release|Any CPU
		{BCCFCF4E-8BAB-45D0-AC97-30E12117531A}.Debug|Any CPU.ActiveCfg = Debug|Any CPU
		{BCCFCF4E-8BAB-45D0-AC97-30E12117531A}.Debug|Any CPU.Build.0 = Debug|Any CPU
		{BCCFCF4E-8BAB-45D0-AC97-30E12117531A}.Debug|x64.ActiveCfg = Debug|Any CPU
		{BCCFCF4E-8BAB-45D0-AC97-30E12117531A}.Debug|x64.Build.0 = Debug|Any CPU
		{BCCFCF4E-8BAB-45D0-AC97-30E12117531A}.Debug|x86.ActiveCfg = Debug|Any CPU
		{BCCFCF4E-8BAB-45D0-AC97-30E12117531A}.Debug|x86.Build.0 = Debug|Any CPU
		{BCCFCF4E-8BAB-45D0-AC97-30E12117531A}.Release|Any CPU.ActiveCfg = Release|Any CPU
		{BCCFCF4E-8BAB-45D0-AC97-30E12117531A}.Release|Any CPU.Build.0 = Release|Any CPU
		{BCCFCF4E-8BAB-45D0-AC97-30E12117531A}.Release|x64.ActiveCfg = Release|Any CPU
		{BCCFCF4E-8BAB-45D0-AC97-30E12117531A}.Release|x64.Build.0 = Release|Any CPU
		{BCCFCF4E-8BAB-45D0-AC97-30E12117531A}.Release|x86.ActiveCfg = Release|Any CPU
		{BCCFCF4E-8BAB-45D0-AC97-30E12117531A}.Release|x86.Build.0 = Release|Any CPU
		{3329EE3E-5A63-4A8F-A432-1D91CE1EAD41}.Debug|Any CPU.ActiveCfg = Debug|Any CPU
		{3329EE3E-5A63-4A8F-A432-1D91CE1EAD41}.Debug|Any CPU.Build.0 = Debug|Any CPU
		{3329EE3E-5A63-4A8F-A432-1D91CE1EAD41}.Debug|x64.ActiveCfg = Debug|Any CPU
		{3329EE3E-5A63-4A8F-A432-1D91CE1EAD41}.Debug|x64.Build.0 = Debug|Any CPU
		{3329EE3E-5A63-4A8F-A432-1D91CE1EAD41}.Debug|x86.ActiveCfg = Debug|Any CPU
		{3329EE3E-5A63-4A8F-A432-1D91CE1EAD41}.Debug|x86.Build.0 = Debug|Any CPU
		{3329EE3E-5A63-4A8F-A432-1D91CE1EAD41}.Release|Any CPU.ActiveCfg = Release|Any CPU
		{3329EE3E-5A63-4A8F-A432-1D91CE1EAD41}.Release|Any CPU.Build.0 = Release|Any CPU
		{3329EE3E-5A63-4A8F-A432-1D91CE1EAD41}.Release|x64.ActiveCfg = Release|Any CPU
		{3329EE3E-5A63-4A8F-A432-1D91CE1EAD41}.Release|x64.Build.0 = Release|Any CPU
		{3329EE3E-5A63-4A8F-A432-1D91CE1EAD41}.Release|x86.ActiveCfg = Release|Any CPU
		{3329EE3E-5A63-4A8F-A432-1D91CE1EAD41}.Release|x86.Build.0 = Release|Any CPU
		{4864458A-09B2-4F23-AE00-F18C0D0CD18A}.Debug|Any CPU.ActiveCfg = Debug|Any CPU
		{4864458A-09B2-4F23-AE00-F18C0D0CD18A}.Debug|Any CPU.Build.0 = Debug|Any CPU
		{4864458A-09B2-4F23-AE00-F18C0D0CD18A}.Debug|x64.ActiveCfg = Debug|Any CPU
		{4864458A-09B2-4F23-AE00-F18C0D0CD18A}.Debug|x64.Build.0 = Debug|Any CPU
		{4864458A-09B2-4F23-AE00-F18C0D0CD18A}.Debug|x86.ActiveCfg = Debug|Any CPU
		{4864458A-09B2-4F23-AE00-F18C0D0CD18A}.Debug|x86.Build.0 = Debug|Any CPU
		{4864458A-09B2-4F23-AE00-F18C0D0CD18A}.Release|Any CPU.ActiveCfg = Release|Any CPU
		{4864458A-09B2-4F23-AE00-F18C0D0CD18A}.Release|Any CPU.Build.0 = Release|Any CPU
		{4864458A-09B2-4F23-AE00-F18C0D0CD18A}.Release|x64.ActiveCfg = Release|Any CPU
		{4864458A-09B2-4F23-AE00-F18C0D0CD18A}.Release|x64.Build.0 = Release|Any CPU
		{4864458A-09B2-4F23-AE00-F18C0D0CD18A}.Release|x86.ActiveCfg = Release|Any CPU
		{4864458A-09B2-4F23-AE00-F18C0D0CD18A}.Release|x86.Build.0 = Release|Any CPU
		{7745DDA7-CDC6-42E7-8DAE-A7C1F6A95599}.Debug|Any CPU.ActiveCfg = Debug|Any CPU
		{7745DDA7-CDC6-42E7-8DAE-A7C1F6A95599}.Debug|Any CPU.Build.0 = Debug|Any CPU
		{7745DDA7-CDC6-42E7-8DAE-A7C1F6A95599}.Debug|x64.ActiveCfg = Debug|Any CPU
		{7745DDA7-CDC6-42E7-8DAE-A7C1F6A95599}.Debug|x64.Build.0 = Debug|Any CPU
		{7745DDA7-CDC6-42E7-8DAE-A7C1F6A95599}.Debug|x86.ActiveCfg = Debug|Any CPU
		{7745DDA7-CDC6-42E7-8DAE-A7C1F6A95599}.Debug|x86.Build.0 = Debug|Any CPU
		{7745DDA7-CDC6-42E7-8DAE-A7C1F6A95599}.Release|Any CPU.ActiveCfg = Release|Any CPU
		{7745DDA7-CDC6-42E7-8DAE-A7C1F6A95599}.Release|Any CPU.Build.0 = Release|Any CPU
		{7745DDA7-CDC6-42E7-8DAE-A7C1F6A95599}.Release|x64.ActiveCfg = Release|Any CPU
		{7745DDA7-CDC6-42E7-8DAE-A7C1F6A95599}.Release|x64.Build.0 = Release|Any CPU
		{7745DDA7-CDC6-42E7-8DAE-A7C1F6A95599}.Release|x86.ActiveCfg = Release|Any CPU
		{7745DDA7-CDC6-42E7-8DAE-A7C1F6A95599}.Release|x86.Build.0 = Release|Any CPU
		{E9FF4514-4943-4F72-9DA5-E7B92A51E072}.Debug|Any CPU.ActiveCfg = Debug|Any CPU
		{E9FF4514-4943-4F72-9DA5-E7B92A51E072}.Debug|Any CPU.Build.0 = Debug|Any CPU
		{E9FF4514-4943-4F72-9DA5-E7B92A51E072}.Debug|x64.ActiveCfg = Debug|Any CPU
		{E9FF4514-4943-4F72-9DA5-E7B92A51E072}.Debug|x64.Build.0 = Debug|Any CPU
		{E9FF4514-4943-4F72-9DA5-E7B92A51E072}.Debug|x86.ActiveCfg = Debug|Any CPU
		{E9FF4514-4943-4F72-9DA5-E7B92A51E072}.Debug|x86.Build.0 = Debug|Any CPU
		{E9FF4514-4943-4F72-9DA5-E7B92A51E072}.Release|Any CPU.ActiveCfg = Release|Any CPU
		{E9FF4514-4943-4F72-9DA5-E7B92A51E072}.Release|Any CPU.Build.0 = Release|Any CPU
		{E9FF4514-4943-4F72-9DA5-E7B92A51E072}.Release|x64.ActiveCfg = Release|Any CPU
		{E9FF4514-4943-4F72-9DA5-E7B92A51E072}.Release|x64.Build.0 = Release|Any CPU
		{E9FF4514-4943-4F72-9DA5-E7B92A51E072}.Release|x86.ActiveCfg = Release|Any CPU
		{E9FF4514-4943-4F72-9DA5-E7B92A51E072}.Release|x86.Build.0 = Release|Any CPU
		{403B7A1E-56B9-4D95-893A-6D6CD3E20D66}.Debug|Any CPU.ActiveCfg = Debug|Any CPU
		{403B7A1E-56B9-4D95-893A-6D6CD3E20D66}.Debug|Any CPU.Build.0 = Debug|Any CPU
		{403B7A1E-56B9-4D95-893A-6D6CD3E20D66}.Debug|x64.ActiveCfg = Debug|Any CPU
		{403B7A1E-56B9-4D95-893A-6D6CD3E20D66}.Debug|x64.Build.0 = Debug|Any CPU
		{403B7A1E-56B9-4D95-893A-6D6CD3E20D66}.Debug|x86.ActiveCfg = Debug|Any CPU
		{403B7A1E-56B9-4D95-893A-6D6CD3E20D66}.Debug|x86.Build.0 = Debug|Any CPU
		{403B7A1E-56B9-4D95-893A-6D6CD3E20D66}.Release|Any CPU.ActiveCfg = Release|Any CPU
		{403B7A1E-56B9-4D95-893A-6D6CD3E20D66}.Release|Any CPU.Build.0 = Release|Any CPU
		{403B7A1E-56B9-4D95-893A-6D6CD3E20D66}.Release|x64.ActiveCfg = Release|Any CPU
		{403B7A1E-56B9-4D95-893A-6D6CD3E20D66}.Release|x64.Build.0 = Release|Any CPU
		{403B7A1E-56B9-4D95-893A-6D6CD3E20D66}.Release|x86.ActiveCfg = Release|Any CPU
		{403B7A1E-56B9-4D95-893A-6D6CD3E20D66}.Release|x86.Build.0 = Release|Any CPU
		{B323E5EF-7E16-4B77-8A3D-75EDAE6721FE}.Debug|Any CPU.ActiveCfg = Debug|Any CPU
		{B323E5EF-7E16-4B77-8A3D-75EDAE6721FE}.Debug|Any CPU.Build.0 = Debug|Any CPU
		{B323E5EF-7E16-4B77-8A3D-75EDAE6721FE}.Debug|x64.ActiveCfg = Debug|Any CPU
		{B323E5EF-7E16-4B77-8A3D-75EDAE6721FE}.Debug|x64.Build.0 = Debug|Any CPU
		{B323E5EF-7E16-4B77-8A3D-75EDAE6721FE}.Debug|x86.ActiveCfg = Debug|Any CPU
		{B323E5EF-7E16-4B77-8A3D-75EDAE6721FE}.Debug|x86.Build.0 = Debug|Any CPU
		{B323E5EF-7E16-4B77-8A3D-75EDAE6721FE}.Release|Any CPU.ActiveCfg = Release|Any CPU
		{B323E5EF-7E16-4B77-8A3D-75EDAE6721FE}.Release|Any CPU.Build.0 = Release|Any CPU
		{B323E5EF-7E16-4B77-8A3D-75EDAE6721FE}.Release|x64.ActiveCfg = Release|Any CPU
		{B323E5EF-7E16-4B77-8A3D-75EDAE6721FE}.Release|x64.Build.0 = Release|Any CPU
		{B323E5EF-7E16-4B77-8A3D-75EDAE6721FE}.Release|x86.ActiveCfg = Release|Any CPU
		{B323E5EF-7E16-4B77-8A3D-75EDAE6721FE}.Release|x86.Build.0 = Release|Any CPU
		{6B1ED390-6011-4742-A086-464C62958328}.Debug|Any CPU.ActiveCfg = Debug|Any CPU
		{6B1ED390-6011-4742-A086-464C62958328}.Debug|Any CPU.Build.0 = Debug|Any CPU
		{6B1ED390-6011-4742-A086-464C62958328}.Debug|x64.ActiveCfg = Debug|Any CPU
		{6B1ED390-6011-4742-A086-464C62958328}.Debug|x64.Build.0 = Debug|Any CPU
		{6B1ED390-6011-4742-A086-464C62958328}.Debug|x86.ActiveCfg = Debug|Any CPU
		{6B1ED390-6011-4742-A086-464C62958328}.Debug|x86.Build.0 = Debug|Any CPU
		{6B1ED390-6011-4742-A086-464C62958328}.Release|Any CPU.ActiveCfg = Release|Any CPU
		{6B1ED390-6011-4742-A086-464C62958328}.Release|Any CPU.Build.0 = Release|Any CPU
		{6B1ED390-6011-4742-A086-464C62958328}.Release|x64.ActiveCfg = Release|Any CPU
		{6B1ED390-6011-4742-A086-464C62958328}.Release|x64.Build.0 = Release|Any CPU
		{6B1ED390-6011-4742-A086-464C62958328}.Release|x86.ActiveCfg = Release|Any CPU
		{6B1ED390-6011-4742-A086-464C62958328}.Release|x86.Build.0 = Release|Any CPU
		{612958A9-EC90-4DF3-962D-40E85747C2F3}.Debug|Any CPU.ActiveCfg = Debug|Any CPU
		{612958A9-EC90-4DF3-962D-40E85747C2F3}.Debug|Any CPU.Build.0 = Debug|Any CPU
		{612958A9-EC90-4DF3-962D-40E85747C2F3}.Debug|x64.ActiveCfg = Debug|Any CPU
		{612958A9-EC90-4DF3-962D-40E85747C2F3}.Debug|x64.Build.0 = Debug|Any CPU
		{612958A9-EC90-4DF3-962D-40E85747C2F3}.Debug|x86.ActiveCfg = Debug|Any CPU
		{612958A9-EC90-4DF3-962D-40E85747C2F3}.Debug|x86.Build.0 = Debug|Any CPU
		{612958A9-EC90-4DF3-962D-40E85747C2F3}.Release|Any CPU.ActiveCfg = Release|Any CPU
		{612958A9-EC90-4DF3-962D-40E85747C2F3}.Release|Any CPU.Build.0 = Release|Any CPU
		{612958A9-EC90-4DF3-962D-40E85747C2F3}.Release|x64.ActiveCfg = Release|Any CPU
		{612958A9-EC90-4DF3-962D-40E85747C2F3}.Release|x64.Build.0 = Release|Any CPU
		{612958A9-EC90-4DF3-962D-40E85747C2F3}.Release|x86.ActiveCfg = Release|Any CPU
		{612958A9-EC90-4DF3-962D-40E85747C2F3}.Release|x86.Build.0 = Release|Any CPU
		{439A92DB-FF01-4617-85DE-FCA9C1C779BF}.Debug|Any CPU.ActiveCfg = Debug|Any CPU
		{439A92DB-FF01-4617-85DE-FCA9C1C779BF}.Debug|Any CPU.Build.0 = Debug|Any CPU
		{439A92DB-FF01-4617-85DE-FCA9C1C779BF}.Debug|x64.ActiveCfg = Debug|Any CPU
		{439A92DB-FF01-4617-85DE-FCA9C1C779BF}.Debug|x64.Build.0 = Debug|Any CPU
		{439A92DB-FF01-4617-85DE-FCA9C1C779BF}.Debug|x86.ActiveCfg = Debug|Any CPU
		{439A92DB-FF01-4617-85DE-FCA9C1C779BF}.Debug|x86.Build.0 = Debug|Any CPU
		{439A92DB-FF01-4617-85DE-FCA9C1C779BF}.Release|Any CPU.ActiveCfg = Release|Any CPU
		{439A92DB-FF01-4617-85DE-FCA9C1C779BF}.Release|Any CPU.Build.0 = Release|Any CPU
		{439A92DB-FF01-4617-85DE-FCA9C1C779BF}.Release|x64.ActiveCfg = Release|Any CPU
		{439A92DB-FF01-4617-85DE-FCA9C1C779BF}.Release|x64.Build.0 = Release|Any CPU
		{439A92DB-FF01-4617-85DE-FCA9C1C779BF}.Release|x86.ActiveCfg = Release|Any CPU
		{439A92DB-FF01-4617-85DE-FCA9C1C779BF}.Release|x86.Build.0 = Release|Any CPU
		{BC5217FE-0783-4BAC-8ECA-7A215294A3FD}.Debug|Any CPU.ActiveCfg = Debug|Any CPU
		{BC5217FE-0783-4BAC-8ECA-7A215294A3FD}.Debug|Any CPU.Build.0 = Debug|Any CPU
		{BC5217FE-0783-4BAC-8ECA-7A215294A3FD}.Debug|x64.ActiveCfg = Debug|Any CPU
		{BC5217FE-0783-4BAC-8ECA-7A215294A3FD}.Debug|x64.Build.0 = Debug|Any CPU
		{BC5217FE-0783-4BAC-8ECA-7A215294A3FD}.Debug|x86.ActiveCfg = Debug|Any CPU
		{BC5217FE-0783-4BAC-8ECA-7A215294A3FD}.Debug|x86.Build.0 = Debug|Any CPU
		{BC5217FE-0783-4BAC-8ECA-7A215294A3FD}.Release|Any CPU.ActiveCfg = Release|Any CPU
		{BC5217FE-0783-4BAC-8ECA-7A215294A3FD}.Release|Any CPU.Build.0 = Release|Any CPU
		{BC5217FE-0783-4BAC-8ECA-7A215294A3FD}.Release|x64.ActiveCfg = Release|Any CPU
		{BC5217FE-0783-4BAC-8ECA-7A215294A3FD}.Release|x64.Build.0 = Release|Any CPU
		{BC5217FE-0783-4BAC-8ECA-7A215294A3FD}.Release|x86.ActiveCfg = Release|Any CPU
		{BC5217FE-0783-4BAC-8ECA-7A215294A3FD}.Release|x86.Build.0 = Release|Any CPU
	EndGlobalSection
	GlobalSection(SolutionProperties) = preSolution
		HideSolutionNode = FALSE
	EndGlobalSection
	GlobalSection(NestedProjects) = preSolution
		{E0AD1809-C64F-3D39-45E0-E424261CE16D} = {827E0CD3-B72D-47B6-A68D-7590B98EB39B}
		{B4403F13-2D4F-43A6-B32E-1A5B9BB2FEC8} = {E0AD1809-C64F-3D39-45E0-E424261CE16D}
		{BEFFA5C6-3066-44C7-AE1F-0B8266F2EA25} = {E0AD1809-C64F-3D39-45E0-E424261CE16D}
		{EC447DCF-ABFA-6E24-52A5-D7FD48A5C558} = {827E0CD3-B72D-47B6-A68D-7590B98EB39B}
		{1E1EF545-4C18-AEE2-B997-7EF431518D3F} = {EC447DCF-ABFA-6E24-52A5-D7FD48A5C558}
		{5B9DB78A-5D7F-4EA3-9AFA-B6EA60E98243} = {1E1EF545-4C18-AEE2-B997-7EF431518D3F}
		{6D20AD3F-81BB-4094-ADAA-C36D72189FF8} = {1E1EF545-4C18-AEE2-B997-7EF431518D3F}
		{BCCFCF4E-8BAB-45D0-AC97-30E12117531A} = {1E1EF545-4C18-AEE2-B997-7EF431518D3F}
		{3329EE3E-5A63-4A8F-A432-1D91CE1EAD41} = {EC447DCF-ABFA-6E24-52A5-D7FD48A5C558}
		{E6B48023-E680-40DA-9E17-319585C26937} = {827E0CD3-B72D-47B6-A68D-7590B98EB39B}
		{4864458A-09B2-4F23-AE00-F18C0D0CD18A} = {E6B48023-E680-40DA-9E17-319585C26937}
		{AD2A5A3B-A595-3E96-334A-002D08FE630C} = {827E0CD3-B72D-47B6-A68D-7590B98EB39B}
		{DE49DA5C-1778-DB91-C50F-C22E2572F073} = {AD2A5A3B-A595-3E96-334A-002D08FE630C}
		{7745DDA7-CDC6-42E7-8DAE-A7C1F6A95599} = {DE49DA5C-1778-DB91-C50F-C22E2572F073}
		{E9FF4514-4943-4F72-9DA5-E7B92A51E072} = {DE49DA5C-1778-DB91-C50F-C22E2572F073}
		{403B7A1E-56B9-4D95-893A-6D6CD3E20D66} = {DE49DA5C-1778-DB91-C50F-C22E2572F073}
		{52BF7FB6-37FF-5100-EFD1-124EFF302675} = {827E0CD3-B72D-47B6-A68D-7590B98EB39B}
		{B323E5EF-7E16-4B77-8A3D-75EDAE6721FE} = {52BF7FB6-37FF-5100-EFD1-124EFF302675}
		{6B1ED390-6011-4742-A086-464C62958328} = {52BF7FB6-37FF-5100-EFD1-124EFF302675}
		{ABAE16DB-782E-B7C1-EE65-4BB7A31267FE} = {827E0CD3-B72D-47B6-A68D-7590B98EB39B}
		{612958A9-EC90-4DF3-962D-40E85747C2F3} = {ABAE16DB-782E-B7C1-EE65-4BB7A31267FE}
		{9D556B49-86D1-93A7-9596-FFAAB74EC556} = {0AB3BF05-4346-4AA6-1389-037BE0695223}
		{439A92DB-FF01-4617-85DE-FCA9C1C779BF} = {9D556B49-86D1-93A7-9596-FFAAB74EC556}
		{C8E42992-5E42-0C2B-DBFE-AA848D06431C} = {827E0CD3-B72D-47B6-A68D-7590B98EB39B}
		{BC5217FE-0783-4BAC-8ECA-7A215294A3FD} = {C8E42992-5E42-0C2B-DBFE-AA848D06431C}
	EndGlobalSection
EndGlobal
